dependencies:
- name: commonground-gateway
  repository: https://raw.githubusercontent.com/ConductionNL/commonground-gateway/odyssey-hackathon-2022/api/helm/
  version: 0.1.7
digest: sha256:e63729ac078d1a5c0e6840b32c99dfaef6caf00a40a5f57f500549d774f4cb35
generated: "2022-03-25T18:23:02.71835279+01:00"
